
Microsoft Visual Studio Solution File, Format Version 12.00
# Visual Studio Version 16
VisualStudioVersion = 16.0.30330.147
MinimumVisualStudioVersion = 10.0.40219.1
Project("{2150E333-8FDC-42A3-9474-1A3956D46DE8}") = "Microservices", "Microservices", "{0499F0BF-BA44-4728-9CA1-EE09FE24267B}"
EndProject
Project("{2150E333-8FDC-42A3-9474-1A3956D46DE8}") = "Domain", "Domain", "{BAFB29EB-E824-44ED-88F3-5958BB9E93EE}"
EndProject
Project("{2150E333-8FDC-42A3-9474-1A3956D46DE8}") = "Infra.Bus", "Infra.Bus", "{61E7DDEC-28AD-4B8E-A851-000512B8D177}"
EndProject
Project("{2150E333-8FDC-42A3-9474-1A3956D46DE8}") = "Presentation", "Presentation", "{143506AA-C78E-4EC5-B8C7-8C61FCD039FE}"
EndProject
Project("{2150E333-8FDC-42A3-9474-1A3956D46DE8}") = "Infra.IoC", "Infra.IoC", "{2C304F74-9B13-43C6-AB4D-75990E945278}"
EndProject
Project("{9A19103F-16F7-4668-BE54-9A1E7A4F7556}") = "MicroRabbit.Domain.Core", "MicroRabbit.Domain.Core\MicroRabbit.Domain.Core.csproj", "{CABEA2D7-5532-45CF-A55E-A211C35050AF}"
EndProject
Project("{9A19103F-16F7-4668-BE54-9A1E7A4F7556}") = "MicroRabbit.Infra.Bus", "MicroRabbit.Infra.Bus\MicroRabbit.Infra.Bus.csproj", "{D82D058C-D465-4F35-A6F3-424F435B6B0D}"
EndProject
Project("{FAE04EC0-301F-11D3-BF4B-00C04F79EFBC}") = "MicroRabbit.Infra.Ioc", "MicroRabbit.Infra.Ioc\MicroRabbit.Infra.Ioc.csproj", "{679901EE-5D87-4C05-BF94-BBB7E836085F}"
EndProject
Project("{2150E333-8FDC-42A3-9474-1A3956D46DE8}") = "Banking", "Banking", "{EA579766-2DB2-42B4-AE46-90CCFCA438CC}"
EndProject
Project("{2150E333-8FDC-42A3-9474-1A3956D46DE8}") = "Api", "Api", "{687AAEF4-617B-44E2-87AA-2AF4E37DE702}"
EndProject
Project("{2150E333-8FDC-42A3-9474-1A3956D46DE8}") = "Domain", "Domain", "{75AA40CC-02D7-4054-833B-20900E4C2A6B}"
EndProject
Project("{2150E333-8FDC-42A3-9474-1A3956D46DE8}") = "Application", "Application", "{033613CA-6C54-4F28-8351-E584361F9877}"
EndProject
Project("{2150E333-8FDC-42A3-9474-1A3956D46DE8}") = "Data", "Data", "{A91BCDF9-6642-4BE3-B40F-C1D00307DB76}"
EndProject
Project("{FAE04EC0-301F-11D3-BF4B-00C04F79EFBC}") = "MicroRabbit.Banking.Api", "MicroRabbit.Banking.Api\MicroRabbit.Banking.Api.csproj", "{AFC8ACEB-96FB-4EE0-B8B9-C566480A1311}"
EndProject
Project("{FAE04EC0-301F-11D3-BF4B-00C04F79EFBC}") = "MicroRabbit.Banking.Application", "MicroRabbit.Banking.Application\MicroRabbit.Banking.Application.csproj", "{55B83F10-A401-433D-8977-0069D3330A1D}"
EndProject
Project("{FAE04EC0-301F-11D3-BF4B-00C04F79EFBC}") = "MicroRabbit.Banking.Data", "MicroRabbit.Banking.Data\MicroRabbit.Banking.Data.csproj", "{5BA7B1C3-E4FA-4C58-9E52-BA97B78ED92A}"
EndProject
Project("{FAE04EC0-301F-11D3-BF4B-00C04F79EFBC}") = "MicroRabbit.Banking.Domain", "MicroRabbit.Banking.Domain\MicroRabbit.Banking.Domain.csproj", "{2E44449C-498D-4FB8-8BE8-415A98895BA9}"
EndProject
Global
	GlobalSection(SolutionConfigurationPlatforms) = preSolution
		Debug|Any CPU = Debug|Any CPU
		Release|Any CPU = Release|Any CPU
	EndGlobalSection
	GlobalSection(ProjectConfigurationPlatforms) = postSolution
		{CABEA2D7-5532-45CF-A55E-A211C35050AF}.Debug|Any CPU.ActiveCfg = Debug|Any CPU
		{CABEA2D7-5532-45CF-A55E-A211C35050AF}.Debug|Any CPU.Build.0 = Debug|Any CPU
		{CABEA2D7-5532-45CF-A55E-A211C35050AF}.Release|Any CPU.ActiveCfg = Release|Any CPU
		{CABEA2D7-5532-45CF-A55E-A211C35050AF}.Release|Any CPU.Build.0 = Release|Any CPU
		{D82D058C-D465-4F35-A6F3-424F435B6B0D}.Debug|Any CPU.ActiveCfg = Debug|Any CPU
		{D82D058C-D465-4F35-A6F3-424F435B6B0D}.Debug|Any CPU.Build.0 = Debug|Any CPU
		{D82D058C-D465-4F35-A6F3-424F435B6B0D}.Release|Any CPU.ActiveCfg = Release|Any CPU
		{D82D058C-D465-4F35-A6F3-424F435B6B0D}.Release|Any CPU.Build.0 = Release|Any CPU
		{679901EE-5D87-4C05-BF94-BBB7E836085F}.Debug|Any CPU.ActiveCfg = Debug|Any CPU
		{679901EE-5D87-4C05-BF94-BBB7E836085F}.Debug|Any CPU.Build.0 = Debug|Any CPU
		{679901EE-5D87-4C05-BF94-BBB7E836085F}.Release|Any CPU.ActiveCfg = Release|Any CPU
		{679901EE-5D87-4C05-BF94-BBB7E836085F}.Release|Any CPU.Build.0 = Release|Any CPU
		{AFC8ACEB-96FB-4EE0-B8B9-C566480A1311}.Debug|Any CPU.ActiveCfg = Debug|Any CPU
		{AFC8ACEB-96FB-4EE0-B8B9-C566480A1311}.Debug|Any CPU.Build.0 = Debug|Any CPU
		{AFC8ACEB-96FB-4EE0-B8B9-C566480A1311}.Release|Any CPU.ActiveCfg = Release|Any CPU
		{AFC8ACEB-96FB-4EE0-B8B9-C566480A1311}.Release|Any CPU.Build.0 = Release|Any CPU
		{55B83F10-A401-433D-8977-0069D3330A1D}.Debug|Any CPU.ActiveCfg = Debug|Any CPU
		{55B83F10-A401-433D-8977-0069D3330A1D}.Debug|Any CPU.Build.0 = Debug|Any CPU
		{55B83F10-A401-433D-8977-0069D3330A1D}.Release|Any CPU.ActiveCfg = Release|Any CPU
		{55B83F10-A401-433D-8977-0069D3330A1D}.Release|Any CPU.Build.0 = Release|Any CPU
		{5BA7B1C3-E4FA-4C58-9E52-BA97B78ED92A}.Debug|Any CPU.ActiveCfg = Debug|Any CPU
		{5BA7B1C3-E4FA-4C58-9E52-BA97B78ED92A}.Debug|Any CPU.Build.0 = Debug|Any CPU
		{5BA7B1C3-E4FA-4C58-9E52-BA97B78ED92A}.Release|Any CPU.ActiveCfg = Release|Any CPU
		{5BA7B1C3-E4FA-4C58-9E52-BA97B78ED92A}.Release|Any CPU.Build.0 = Release|Any CPU
		{2E44449C-498D-4FB8-8BE8-415A98895BA9}.Debug|Any CPU.ActiveCfg = Debug|Any CPU
		{2E44449C-498D-4FB8-8BE8-415A98895BA9}.Debug|Any CPU.Build.0 = Debug|Any CPU
		{2E44449C-498D-4FB8-8BE8-415A98895BA9}.Release|Any CPU.ActiveCfg = Release|Any CPU
		{2E44449C-498D-4FB8-8BE8-415A98895BA9}.Release|Any CPU.Build.0 = Release|Any CPU
	EndGlobalSection
	GlobalSection(SolutionProperties) = preSolution
		HideSolutionNode = FALSE
	EndGlobalSection
	GlobalSection(NestedProjects) = preSolution
		{CABEA2D7-5532-45CF-A55E-A211C35050AF} = {BAFB29EB-E824-44ED-88F3-5958BB9E93EE}
		{D82D058C-D465-4F35-A6F3-424F435B6B0D} = {61E7DDEC-28AD-4B8E-A851-000512B8D177}
		{679901EE-5D87-4C05-BF94-BBB7E836085F} = {2C304F74-9B13-43C6-AB4D-75990E945278}
		{EA579766-2DB2-42B4-AE46-90CCFCA438CC} = {0499F0BF-BA44-4728-9CA1-EE09FE24267B}
		{687AAEF4-617B-44E2-87AA-2AF4E37DE702} = {EA579766-2DB2-42B4-AE46-90CCFCA438CC}
		{75AA40CC-02D7-4054-833B-20900E4C2A6B} = {EA579766-2DB2-42B4-AE46-90CCFCA438CC}
		{033613CA-6C54-4F28-8351-E584361F9877} = {EA579766-2DB2-42B4-AE46-90CCFCA438CC}
		{A91BCDF9-6642-4BE3-B40F-C1D00307DB76} = {EA579766-2DB2-42B4-AE46-90CCFCA438CC}
		{AFC8ACEB-96FB-4EE0-B8B9-C566480A1311} = {687AAEF4-617B-44E2-87AA-2AF4E37DE702}
		{55B83F10-A401-433D-8977-0069D3330A1D} = {033613CA-6C54-4F28-8351-E584361F9877}
		{5BA7B1C3-E4FA-4C58-9E52-BA97B78ED92A} = {A91BCDF9-6642-4BE3-B40F-C1D00307DB76}
		{2E44449C-498D-4FB8-8BE8-415A98895BA9} = {75AA40CC-02D7-4054-833B-20900E4C2A6B}
	EndGlobalSection
	GlobalSection(ExtensibilityGlobals) = postSolution
		SolutionGuid = {FE00206E-C0A2-4289-AB2F-866797F08F30}
	EndGlobalSection
EndGlobal
