
Microsoft Visual Studio Solution File, Format Version 12.00
# Visual Studio Version 16
VisualStudioVersion = 16.0.30330.147
MinimumVisualStudioVersion = 10.0.40219.1
Project("{2150E333-8FDC-42A3-9474-1A3956D46DE8}") = "Microservices", "Microservices", "{0499F0BF-BA44-4728-9CA1-EE09FE24267B}"
EndProject
Project("{2150E333-8FDC-42A3-9474-1A3956D46DE8}") = "Domain", "Domain", "{BAFB29EB-E824-44ED-88F3-5958BB9E93EE}"
EndProject
Project("{2150E333-8FDC-42A3-9474-1A3956D46DE8}") = "Infra.Bus", "Infra.Bus", "{61E7DDEC-28AD-4B8E-A851-000512B8D177}"
EndProject
Project("{2150E333-8FDC-42A3-9474-1A3956D46DE8}") = "Presentation", "Presentation", "{143506AA-C78E-4EC5-B8C7-8C61FCD039FE}"
EndProject
Project("{2150E333-8FDC-42A3-9474-1A3956D46DE8}") = "Infra.IoC", "Infra.IoC", "{2C304F74-9B13-43C6-AB4D-75990E945278}"
EndProject
Project("{FAE04EC0-301F-11D3-BF4B-00C04F79EFBC}") = "MicroRabbit.Domain.Core", "MicroRabbit.Domain.Core\MicroRabbit.Domain.Core.csproj", "{CABEA2D7-5532-45CF-A55E-A211C35050AF}"
EndProject
Global
	GlobalSection(SolutionConfigurationPlatforms) = preSolution
		Debug|Any CPU = Debug|Any CPU
		Release|Any CPU = Release|Any CPU
	EndGlobalSection
	GlobalSection(ProjectConfigurationPlatforms) = postSolution
		{CABEA2D7-5532-45CF-A55E-A211C35050AF}.Debug|Any CPU.ActiveCfg = Debug|Any CPU
		{CABEA2D7-5532-45CF-A55E-A211C35050AF}.Debug|Any CPU.Build.0 = Debug|Any CPU
		{CABEA2D7-5532-45CF-A55E-A211C35050AF}.Release|Any CPU.ActiveCfg = Release|Any CPU
		{CABEA2D7-5532-45CF-A55E-A211C35050AF}.Release|Any CPU.Build.0 = Release|Any CPU
	EndGlobalSection
	GlobalSection(SolutionProperties) = preSolution
		HideSolutionNode = FALSE
	EndGlobalSection
	GlobalSection(NestedProjects) = preSolution
		{CABEA2D7-5532-45CF-A55E-A211C35050AF} = {BAFB29EB-E824-44ED-88F3-5958BB9E93EE}
	EndGlobalSection
	GlobalSection(ExtensibilityGlobals) = postSolution
		SolutionGuid = {FE00206E-C0A2-4289-AB2F-866797F08F30}
	EndGlobalSection
EndGlobal
